
Microsoft Visual Studio Solution File, Format Version 12.00
# Visual Studio Version 17
VisualStudioVersion = 17.4.33103.184
MinimumVisualStudioVersion = 10.0.40219.1
Project("{9A19103F-16F7-4668-BE54-9A1E7A4F7556}") = "Data", "Data\Data.csproj", "{3698556D-EE09-49FC-AAB4-7ECCD388A377}"
EndProject
Project("{FAE04EC0-301F-11D3-BF4B-00C04F79EFBC}") = "WebAPI", "WebAPI\WebAPI.csproj", "{519239FC-6D34-481C-B873-5BCC58C80451}"
EndProject
Global
	GlobalSection(SolutionConfigurationPlatforms) = preSolution
		Debug|Any CPU = Debug|Any CPU
		Release|Any CPU = Release|Any CPU
	EndGlobalSection
	GlobalSection(ProjectConfigurationPlatforms) = postSolution
		{3698556D-EE09-49FC-AAB4-7ECCD388A377}.Debug|Any CPU.ActiveCfg = Debug|Any CPU
		{3698556D-EE09-49FC-AAB4-7ECCD388A377}.Debug|Any CPU.Build.0 = Debug|Any CPU
		{3698556D-EE09-49FC-AAB4-7ECCD388A377}.Release|Any CPU.ActiveCfg = Release|Any CPU
		{3698556D-EE09-49FC-AAB4-7ECCD388A377}.Release|Any CPU.Build.0 = Release|Any CPU
		{519239FC-6D34-481C-B873-5BCC58C80451}.Debug|Any CPU.ActiveCfg = Debug|Any CPU
		{519239FC-6D34-481C-B873-5BCC58C80451}.Debug|Any CPU.Build.0 = Debug|Any CPU
		{519239FC-6D34-481C-B873-5BCC58C80451}.Release|Any CPU.ActiveCfg = Release|Any CPU
		{519239FC-6D34-481C-B873-5BCC58C80451}.Release|Any CPU.Build.0 = Release|Any CPU
	EndGlobalSection
	GlobalSection(SolutionProperties) = preSolution
		HideSolutionNode = FALSE
	EndGlobalSection
	GlobalSection(ExtensibilityGlobals) = postSolution
		SolutionGuid = {6FC165E2-ADCF-4581-8FE9-E8A918C58B73}
	EndGlobalSection
EndGlobal
